
Microsoft Visual Studio Solution File, Format Version 12.00
# Visual Studio Version 16
VisualStudioVersion = 16.0.32510.428
MinimumVisualStudioVersion = 10.0.40219.1
Project("{8BC9CEB8-8B4A-11D0-8D11-00A0C91BC942}") = "Project607", "Project607.vcxproj", "{A2F98FCA-D919-4DB5-96A9-7338573CAB89}"
EndProject
Global
	GlobalSection(SolutionConfigurationPlatforms) = preSolution
		Debug|x64 = Debug|x64
		Debug|x86 = Debug|x86
		Release|x64 = Release|x64
		Release|x86 = Release|x86
	EndGlobalSection
	GlobalSection(ProjectConfigurationPlatforms) = postSolution
		{A2F98FCA-D919-4DB5-96A9-7338573CAB89}.Debug|x64.ActiveCfg = Debug|x64
		{A2F98FCA-D919-4DB5-96A9-7338573CAB89}.Debug|x64.Build.0 = Debug|x64
		{A2F98FCA-D919-4DB5-96A9-7338573CAB89}.Debug|x86.ActiveCfg = Debug|Win32
		{A2F98FCA-D919-4DB5-96A9-7338573CAB89}.Debug|x86.Build.0 = Debug|Win32
		{A2F98FCA-D919-4DB5-96A9-7338573CAB89}.Release|x64.ActiveCfg = Release|x64
		{A2F98FCA-D919-4DB5-96A9-7338573CAB89}.Release|x64.Build.0 = Release|x64
		{A2F98FCA-D919-4DB5-96A9-7338573CAB89}.Release|x86.ActiveCfg = Release|Win32
		{A2F98FCA-D919-4DB5-96A9-7338573CAB89}.Release|x86.Build.0 = Release|Win32
	EndGlobalSection
	GlobalSection(SolutionProperties) = preSolution
		HideSolutionNode = FALSE
	EndGlobalSection
	GlobalSection(ExtensibilityGlobals) = postSolution
		SolutionGuid = {9A957C0B-8DEF-4D6C-9F99-BD628A63ED02}
	EndGlobalSection
EndGlobal
